github.com/qaduni/qu.theme v0.0.0-20260818102348-8d837c568b3a h1:r68p/gzBRIS+Cw+9RVQUMEDbrTkqPa2/Kw8huY5e8tM=
github.com/qaduni/qu.theme v0.0.0-20260818102348-8d837c568b3a/go.mod h1:m2zta0GpP2yzaBGb/lORjfuc1Xf8Sy1Vk7fNiTzm2u0=
github.com/qaduni/qu.theme v0.0.0-20260819094041-810e0ba51c22 h1:FzTB9Sj8u9KFjR+7Q9VkxuHkifI5SxxToB9jtO1FNjE=
github.com/qaduni/qu.theme v0.0.0-20260819094041-810e0ba51c22/go.mod h1:V3jfF6L9wEifdbfbYtwKePkiFv8Rc68ngeY2y1Lq1ps=
github.com/qaduni/qu.theme v0.0.0-20260821013552-c44c07613d57 h1:2rJuJIJYdVbj3XsslaAnh5WZs0NR8P3SFc1Tz99/Zrg=
github.com/qaduni/qu.theme v0.0.0-20260821013552-c44c07613d57/go.mod h1:V3jfF6L9wEifdbfbYtwKePkiFv8Rc68ngeY2y1Lq1ps=
github.com/qaduni/qu.theme v0.0.0-20260821190734-cdc5faf03206 h1:s+Jl8mYnRPNPLc/Q9O+/n70Pz2cQqBSxxPjm4SLSBAs=
github.com/qaduni/qu.theme v0.0.0-20260821190734-cdc5faf03206/go.mod h1:V3jfF6L9wEifdbfbYtwKePkiFv8Rc68ngeY2y1Lq1ps=
